
Microsoft Visual Studio Solution File, Format Version 12.00
# Visual Studio Version 16
VisualStudioVersion = 16.0.31911.196
MinimumVisualStudioVersion = 10.0.40219.1
Project("{FAE04EC0-301F-11D3-BF4B-00C04F79EFBC}") = "MatchBook", "MatchBook.csproj", "{6DF6C91B-BF52-498D-A81D-39891ED528DA}"
EndProject
Global
	GlobalSection(SolutionConfigurationPlatforms) = preSolution
		Debug|Any CPU = Debug|Any CPU
		Release|Any CPU = Release|Any CPU
	EndGlobalSection
	GlobalSection(ProjectConfigurationPlatforms) = postSolution
		{6DF6C91B-BF52-498D-A81D-39891ED528DA}.Debug|Any CPU.ActiveCfg = Debug|Any CPU
		{6DF6C91B-BF52-498D-A81D-39891ED528DA}.Debug|Any CPU.Build.0 = Debug|Any CPU
		{6DF6C91B-BF52-498D-A81D-39891ED528DA}.Release|Any CPU.ActiveCfg = Release|Any CPU
		{6DF6C91B-BF52-498D-A81D-39891ED528DA}.Release|Any CPU.Build.0 = Release|Any CPU
	EndGlobalSection
	GlobalSection(SolutionProperties) = preSolution
		HideSolutionNode = FALSE
	EndGlobalSection
	GlobalSection(ExtensibilityGlobals) = postSolution
		SolutionGuid = {D5B97EE3-0C40-437B-9AB7-2598F8572B00}
	EndGlobalSection
EndGlobal
